
Microsoft Visual Studio Solution File, Format Version 12.00
# Visual Studio Version 17
VisualStudioVersion = 17.13.35913.81 d17.13
MinimumVisualStudioVersion = 10.0.40219.1
Project("{FAE04EC0-301F-11D3-BF4B-00C04F79EFBC}") = "Schedule", "Schedule\Schedule.csproj", "{75636FB9-E432-4A6A-81C7-A6A923CE3676}"
EndProject
Global
	GlobalSection(SolutionConfigurationPlatforms) = preSolution
		Debug|Any CPU = Debug|Any CPU
		Release|Any CPU = Release|Any CPU
	EndGlobalSection
	GlobalSection(ProjectConfigurationPlatforms) = postSolution
		{75636FB9-E432-4A6A-81C7-A6A923CE3676}.Debug|Any CPU.ActiveCfg = Debug|Any CPU
		{75636FB9-E432-4A6A-81C7-A6A923CE3676}.Debug|Any CPU.Build.0 = Debug|Any CPU
		{75636FB9-E432-4A6A-81C7-A6A923CE3676}.Release|Any CPU.ActiveCfg = Release|Any CPU
		{75636FB9-E432-4A6A-81C7-A6A923CE3676}.Release|Any CPU.Build.0 = Release|Any CPU
	EndGlobalSection
	GlobalSection(SolutionProperties) = preSolution
		HideSolutionNode = FALSE
	EndGlobalSection
	GlobalSection(ExtensibilityGlobals) = postSolution
		SolutionGuid = {5D4BEC72-0CCA-4074-A77B-EE3CFEAA0982}
	EndGlobalSection
EndGlobal
